
Microsoft Visual Studio Solution File, Format Version 11.00
# Visual Studio 2010
Project("{FAE04EC0-301F-11D3-BF4B-00C04F79EFBC}") = "Assembly-CSharp", "Assembly-CSharp.csproj", "{e3f0e884-aded-193a-44b5-a2f4e925e25c}"
EndProject
Project("{FAE04EC0-301F-11D3-BF4B-00C04F79EFBC}") = "Assembly-CSharp-firstpass", "Assembly-CSharp-firstpass.csproj", "{cce40027-1738-9593-cbae-2f71d38b4d56}"
EndProject
Project("{FAE04EC0-301F-11D3-BF4B-00C04F79EFBC}") = "Assembly-CSharp-Editor", "Assembly-CSharp-Editor.csproj", "{71a2de87-1e35-ed9d-52aa-58e043f6e9dc}"
EndProject
Global
	GlobalSection(SolutionConfigurationPlatforms) = preSolution
		Debug|Any CPU = Debug|Any CPU
	EndGlobalSection
	GlobalSection(ProjectConfigurationPlatforms) = postSolution
		{e3f0e884-aded-193a-44b5-a2f4e925e25c}.Debug|Any CPU.ActiveCfg = Debug|Any CPU
		{e3f0e884-aded-193a-44b5-a2f4e925e25c}.Debug|Any CPU.Build.0 = Debug|Any CPU
		{cce40027-1738-9593-cbae-2f71d38b4d56}.Debug|Any CPU.ActiveCfg = Debug|Any CPU
		{cce40027-1738-9593-cbae-2f71d38b4d56}.Debug|Any CPU.Build.0 = Debug|Any CPU
		{71a2de87-1e35-ed9d-52aa-58e043f6e9dc}.Debug|Any CPU.ActiveCfg = Debug|Any CPU
		{71a2de87-1e35-ed9d-52aa-58e043f6e9dc}.Debug|Any CPU.Build.0 = Debug|Any CPU
	EndGlobalSection
	GlobalSection(SolutionProperties) = preSolution
		HideSolutionNode = FALSE
	EndGlobalSection
EndGlobal
